
Microsoft Visual Studio Solution File, Format Version 12.00
# Visual Studio Version 17
VisualStudioVersion = 17.2.32516.85
MinimumVisualStudioVersion = 10.0.40219.1
Project("{8BC9CEB8-8B4A-11D0-8D11-00A0C91BC942}") = "es1", "es1.vcxproj", "{AF763970-2D19-41C9-BE10-1C2C517AE46F}"
EndProject
Global
	GlobalSection(SolutionConfigurationPlatforms) = preSolution
		Debug|x64 = Debug|x64
		Debug|x86 = Debug|x86
		Release|x64 = Release|x64
		Release|x86 = Release|x86
	EndGlobalSection
	GlobalSection(ProjectConfigurationPlatforms) = postSolution
		{AF763970-2D19-41C9-BE10-1C2C517AE46F}.Debug|x64.ActiveCfg = Debug|x64
		{AF763970-2D19-41C9-BE10-1C2C517AE46F}.Debug|x64.Build.0 = Debug|x64
		{AF763970-2D19-41C9-BE10-1C2C517AE46F}.Debug|x86.ActiveCfg = Debug|Win32
		{AF763970-2D19-41C9-BE10-1C2C517AE46F}.Debug|x86.Build.0 = Debug|Win32
		{AF763970-2D19-41C9-BE10-1C2C517AE46F}.Release|x64.ActiveCfg = Release|x64
		{AF763970-2D19-41C9-BE10-1C2C517AE46F}.Release|x64.Build.0 = Release|x64
		{AF763970-2D19-41C9-BE10-1C2C517AE46F}.Release|x86.ActiveCfg = Release|Win32
		{AF763970-2D19-41C9-BE10-1C2C517AE46F}.Release|x86.Build.0 = Release|Win32
	EndGlobalSection
	GlobalSection(SolutionProperties) = preSolution
		HideSolutionNode = FALSE
	EndGlobalSection
	GlobalSection(ExtensibilityGlobals) = postSolution
		SolutionGuid = {18FE14DD-9F7E-4DC3-89EF-C256D5786E3D}
	EndGlobalSection
EndGlobal
