
Microsoft Visual Studio Solution File, Format Version 12.00
# Visual Studio Version 17
VisualStudioVersion = 17.1.32421.90
MinimumVisualStudioVersion = 10.0.40219.1
Project("{8BC9CEB8-8B4A-11D0-8D11-00A0C91BC942}") = "es2", "es2.vcxproj", "{C20E7743-7B58-41BC-B687-603343595FA4}"
EndProject
Global
	GlobalSection(SolutionConfigurationPlatforms) = preSolution
		Debug|x64 = Debug|x64
		Debug|x86 = Debug|x86
		Release|x64 = Release|x64
		Release|x86 = Release|x86
	EndGlobalSection
	GlobalSection(ProjectConfigurationPlatforms) = postSolution
		{C20E7743-7B58-41BC-B687-603343595FA4}.Debug|x64.ActiveCfg = Debug|x64
		{C20E7743-7B58-41BC-B687-603343595FA4}.Debug|x64.Build.0 = Debug|x64
		{C20E7743-7B58-41BC-B687-603343595FA4}.Debug|x86.ActiveCfg = Debug|Win32
		{C20E7743-7B58-41BC-B687-603343595FA4}.Debug|x86.Build.0 = Debug|Win32
		{C20E7743-7B58-41BC-B687-603343595FA4}.Release|x64.ActiveCfg = Release|x64
		{C20E7743-7B58-41BC-B687-603343595FA4}.Release|x64.Build.0 = Release|x64
		{C20E7743-7B58-41BC-B687-603343595FA4}.Release|x86.ActiveCfg = Release|Win32
		{C20E7743-7B58-41BC-B687-603343595FA4}.Release|x86.Build.0 = Release|Win32
	EndGlobalSection
	GlobalSection(SolutionProperties) = preSolution
		HideSolutionNode = FALSE
	EndGlobalSection
	GlobalSection(ExtensibilityGlobals) = postSolution
		SolutionGuid = {31D4BBD7-4D32-47A5-8466-FBE078A4511A}
	EndGlobalSection
EndGlobal
