
Microsoft Visual Studio Solution File, Format Version 12.00
# Visual Studio Version 17
VisualStudioVersion = 17.1.32421.90
MinimumVisualStudioVersion = 10.0.40219.1
Project("{8BC9CEB8-8B4A-11D0-8D11-00A0C91BC942}") = "es3", "es3.vcxproj", "{B004763E-300B-47F9-B34B-414D098DC9BC}"
EndProject
Global
	GlobalSection(SolutionConfigurationPlatforms) = preSolution
		Debug|x64 = Debug|x64
		Debug|x86 = Debug|x86
		Release|x64 = Release|x64
		Release|x86 = Release|x86
	EndGlobalSection
	GlobalSection(ProjectConfigurationPlatforms) = postSolution
		{B004763E-300B-47F9-B34B-414D098DC9BC}.Debug|x64.ActiveCfg = Debug|x64
		{B004763E-300B-47F9-B34B-414D098DC9BC}.Debug|x64.Build.0 = Debug|x64
		{B004763E-300B-47F9-B34B-414D098DC9BC}.Debug|x86.ActiveCfg = Debug|Win32
		{B004763E-300B-47F9-B34B-414D098DC9BC}.Debug|x86.Build.0 = Debug|Win32
		{B004763E-300B-47F9-B34B-414D098DC9BC}.Release|x64.ActiveCfg = Release|x64
		{B004763E-300B-47F9-B34B-414D098DC9BC}.Release|x64.Build.0 = Release|x64
		{B004763E-300B-47F9-B34B-414D098DC9BC}.Release|x86.ActiveCfg = Release|Win32
		{B004763E-300B-47F9-B34B-414D098DC9BC}.Release|x86.Build.0 = Release|Win32
	EndGlobalSection
	GlobalSection(SolutionProperties) = preSolution
		HideSolutionNode = FALSE
	EndGlobalSection
	GlobalSection(ExtensibilityGlobals) = postSolution
		SolutionGuid = {56B6E416-A973-48E7-9CF7-3BC7A8E80044}
	EndGlobalSection
EndGlobal
