
Microsoft Visual Studio Solution File, Format Version 12.00
# Visual Studio Version 17
VisualStudioVersion = 17.1.32421.90
MinimumVisualStudioVersion = 10.0.40219.1
Project("{8BC9CEB8-8B4A-11D0-8D11-00A0C91BC942}") = "es2", "es2.vcxproj", "{037C45F4-89B1-4345-8AC8-274C7FE2B466}"
EndProject
Global
	GlobalSection(SolutionConfigurationPlatforms) = preSolution
		Debug|x64 = Debug|x64
		Debug|x86 = Debug|x86
		Release|x64 = Release|x64
		Release|x86 = Release|x86
	EndGlobalSection
	GlobalSection(ProjectConfigurationPlatforms) = postSolution
		{037C45F4-89B1-4345-8AC8-274C7FE2B466}.Debug|x64.ActiveCfg = Debug|x64
		{037C45F4-89B1-4345-8AC8-274C7FE2B466}.Debug|x64.Build.0 = Debug|x64
		{037C45F4-89B1-4345-8AC8-274C7FE2B466}.Debug|x86.ActiveCfg = Debug|Win32
		{037C45F4-89B1-4345-8AC8-274C7FE2B466}.Debug|x86.Build.0 = Debug|Win32
		{037C45F4-89B1-4345-8AC8-274C7FE2B466}.Release|x64.ActiveCfg = Release|x64
		{037C45F4-89B1-4345-8AC8-274C7FE2B466}.Release|x64.Build.0 = Release|x64
		{037C45F4-89B1-4345-8AC8-274C7FE2B466}.Release|x86.ActiveCfg = Release|Win32
		{037C45F4-89B1-4345-8AC8-274C7FE2B466}.Release|x86.Build.0 = Release|Win32
	EndGlobalSection
	GlobalSection(SolutionProperties) = preSolution
		HideSolutionNode = FALSE
	EndGlobalSection
	GlobalSection(ExtensibilityGlobals) = postSolution
		SolutionGuid = {08C8D1E8-DEA2-41E3-9B01-7BA523355594}
	EndGlobalSection
EndGlobal
