
Microsoft Visual Studio Solution File, Format Version 12.00
# Visual Studio Version 16
VisualStudioVersion = 16.0.32126.315
MinimumVisualStudioVersion = 10.0.40219.1
Project("{8BC9CEB8-8B4A-11D0-8D11-00A0C91BC942}") = "es5", "es5.vcxproj", "{9C6FECDE-28D7-4C86-BE55-D68185CCE8CB}"
EndProject
Global
	GlobalSection(SolutionConfigurationPlatforms) = preSolution
		Debug|x64 = Debug|x64
		Debug|x86 = Debug|x86
		Release|x64 = Release|x64
		Release|x86 = Release|x86
	EndGlobalSection
	GlobalSection(ProjectConfigurationPlatforms) = postSolution
		{9C6FECDE-28D7-4C86-BE55-D68185CCE8CB}.Debug|x64.ActiveCfg = Debug|x64
		{9C6FECDE-28D7-4C86-BE55-D68185CCE8CB}.Debug|x64.Build.0 = Debug|x64
		{9C6FECDE-28D7-4C86-BE55-D68185CCE8CB}.Debug|x86.ActiveCfg = Debug|Win32
		{9C6FECDE-28D7-4C86-BE55-D68185CCE8CB}.Debug|x86.Build.0 = Debug|Win32
		{9C6FECDE-28D7-4C86-BE55-D68185CCE8CB}.Release|x64.ActiveCfg = Release|x64
		{9C6FECDE-28D7-4C86-BE55-D68185CCE8CB}.Release|x64.Build.0 = Release|x64
		{9C6FECDE-28D7-4C86-BE55-D68185CCE8CB}.Release|x86.ActiveCfg = Release|Win32
		{9C6FECDE-28D7-4C86-BE55-D68185CCE8CB}.Release|x86.Build.0 = Release|Win32
	EndGlobalSection
	GlobalSection(SolutionProperties) = preSolution
		HideSolutionNode = FALSE
	EndGlobalSection
	GlobalSection(ExtensibilityGlobals) = postSolution
		SolutionGuid = {D0569A74-202C-44D4-9919-3CDFFC917766}
	EndGlobalSection
EndGlobal
